
Microsoft Visual Studio Solution File, Format Version 12.00
# Visual Studio Version 16
VisualStudioVersion = 16.0.31515.178
MinimumVisualStudioVersion = 10.0.40219.1
Project("{9A19103F-16F7-4668-BE54-9A1E7A4F7556}") = "CalculatorProject", "CalculatorProject\CalculatorProject.csproj", "{8314692F-5ACC-4D00-BDAA-E045D55119BF}"
EndProject
Project("{FAE04EC0-301F-11D3-BF4B-00C04F79EFBC}") = "Calculator", "Calculator\Calculator.csproj", "{674B0610-13E5-43BB-AA4B-EEF80E82DC32}"
EndProject
Project("{FAE04EC0-301F-11D3-BF4B-00C04F79EFBC}") = "CalculatorTestPoject", "CalculatorTestPoject\CalculatorTestPoject.csproj", "{41D3207E-64AC-4169-80BB-402888EC51B7}"
EndProject
Global
	GlobalSection(SolutionConfigurationPlatforms) = preSolution
		Debug|Any CPU = Debug|Any CPU
		Release|Any CPU = Release|Any CPU
	EndGlobalSection
	GlobalSection(ProjectConfigurationPlatforms) = postSolution
		{8314692F-5ACC-4D00-BDAA-E045D55119BF}.Debug|Any CPU.ActiveCfg = Debug|Any CPU
		{8314692F-5ACC-4D00-BDAA-E045D55119BF}.Debug|Any CPU.Build.0 = Debug|Any CPU
		{8314692F-5ACC-4D00-BDAA-E045D55119BF}.Release|Any CPU.ActiveCfg = Release|Any CPU
		{8314692F-5ACC-4D00-BDAA-E045D55119BF}.Release|Any CPU.Build.0 = Release|Any CPU
		{674B0610-13E5-43BB-AA4B-EEF80E82DC32}.Debug|Any CPU.ActiveCfg = Debug|Any CPU
		{674B0610-13E5-43BB-AA4B-EEF80E82DC32}.Debug|Any CPU.Build.0 = Debug|Any CPU
		{674B0610-13E5-43BB-AA4B-EEF80E82DC32}.Release|Any CPU.ActiveCfg = Release|Any CPU
		{674B0610-13E5-43BB-AA4B-EEF80E82DC32}.Release|Any CPU.Build.0 = Release|Any CPU
		{41D3207E-64AC-4169-80BB-402888EC51B7}.Debug|Any CPU.ActiveCfg = Debug|Any CPU
		{41D3207E-64AC-4169-80BB-402888EC51B7}.Debug|Any CPU.Build.0 = Debug|Any CPU
		{41D3207E-64AC-4169-80BB-402888EC51B7}.Release|Any CPU.ActiveCfg = Release|Any CPU
		{41D3207E-64AC-4169-80BB-402888EC51B7}.Release|Any CPU.Build.0 = Release|Any CPU
	EndGlobalSection
	GlobalSection(SolutionProperties) = preSolution
		HideSolutionNode = FALSE
	EndGlobalSection
	GlobalSection(ExtensibilityGlobals) = postSolution
		SolutionGuid = {CC9BD851-B49D-4204-950E-8204332F1377}
	EndGlobalSection
EndGlobal
